// !$*UTF8*$!
{
	archiveVersion = 1;
	classes = {
	};
	objectVersion = 55;
	objects = {

/* Begin PBXBuildFile section */
		9B6607E428A2DA140004BC8D /* MapKit.framework in Frameworks */ = {isa = PBXBuildFile; fileRef = 9B6607E328A2DA140004BC8D /* MapKit.framework */; };
		9B732585289AC3F500874692 /* LocationManager.swift in Sources */ = {isa = PBXBuildFile; fileRef = 9B732584289AC3F500874692 /* LocationManager.swift */; };
		9B7EE8F02889C94E0003E81B /* TrackerApp.swift in Sources */ = {isa = PBXBuildFile; fileRef = 9B7EE8EF2889C94E0003E81B /* TrackerApp.swift */; };
		9B7EE8F22889C94E0003E81B /* ContentView.swift in Sources */ = {isa = PBXBuildFile; fileRef = 9B7EE8F12889C94E0003E81B /* ContentView.swift */; };
		9B7EE8F42889C9520003E81B /* Assets.xcassets in Resources */ = {isa = PBXBuildFile; fileRef = 9B7EE8F32889C9520003E81B /* Assets.xcassets */; };
		9B7EE8F72889C9520003E81B /* Preview Assets.xcassets in Resources */ = {isa = PBXBuildFile; fileRef = 9B7EE8F62889C9520003E81B /* Preview Assets.xcassets */; };
		9B7EE9012889C9530003E81B /* TrackerTests.swift in Sources */ = {isa = PBXBuildFile; fileRef = 9B7EE9002889C9530003E81B /* TrackerTests.swift */; };
		9B7EE90B2889C9530003E81B /* TrackerUITests.swift in Sources */ = {isa = PBXBuildFile; fileRef = 9B7EE90A2889C9530003E81B /* TrackerUITests.swift */; };
		9B7EE90D2889C9530003E81B /* TrackerUITestsLaunchTests.swift in Sources */ = {isa = PBXBuildFile; fileRef = 9B7EE90C2889C9530003E81B /* TrackerUITestsLaunchTests.swift */; };
		9B7EE9202889D85B0003E81B /* MapView.swift in Sources */ = {isa = PBXBuildFile; fileRef = 9B7EE91F2889D85B0003E81B /* MapView.swift */; };
/* End PBXBuildFile section */

/* Begin PBXContainerItemProxy section */
		9B7EE8FD2889C9530003E81B /* PBXContainerItemProxy */ = {
			isa = PBXContainerItemProxy;
			containerPortal = 9B7EE8E42889C94E0003E81B /* Project object */;
			proxyType = 1;
			remoteGlobalIDString = 9B7EE8EB2889C94E0003E81B;
			remoteInfo = Tracker;
		};
		9B7EE9072889C9530003E81B /* PBXContainerItemProxy */ = {
			isa = PBXContainerItemProxy;
			containerPortal = 9B7EE8E42889C94E0003E81B /* Project object */;
			proxyType = 1;
			remoteGlobalIDString = 9B7EE8EB2889C94E0003E81B;
			remoteInfo = Tracker;
		};
/* End PBXContainerItemProxy section */

/* Begin PBXFileReference section */
		9B206FC7289306D300D38964 /* Info.plist */ = {isa = PBXFileReference; lastKnownFileType = text.plist; path = Info.plist; sourceTree = "<group>"; };
		9B6607E128A2DA000004BC8D /* Tracker.entitlements */ = {isa = PBXFileReference; lastKnownFileType = text.plist.entitlements; path = Tracker.entitlements; sourceTree = "<group>"; };
		9B6607E328A2DA140004BC8D /* MapKit.framework */ = {isa = PBXFileReference; lastKnownFileType = wrapper.framework; name = MapKit.framework; path = System/Library/Frameworks/MapKit.framework; sourceTree = SDKROOT; };
		9B732584289AC3F500874692 /* LocationManager.swift */ = {isa = PBXFileReference; lastKnownFileType = sourcecode.swift; path = LocationManager.swift; sourceTree = "<group>"; };
		9B7EE8EC2889C94E0003E81B /* Tracker.app */ = {isa = PBXFileReference; explicitFileType = wrapper.application; includeInIndex = 0; path = Tracker.app; sourceTree = BUILT_PRODUCTS_DIR; };
		9B7EE8EF2889C94E0003E81B /* TrackerApp.swift */ = {isa = PBXFileReference; lastKnownFileType = sourcecode.swift; path = TrackerApp.swift; sourceTree = "<group>"; };
		9B7EE8F12889C94E0003E81B /* ContentView.swift */ = {isa = PBXFileReference; lastKnownFileType = sourcecode.swift; path = ContentView.swift; sourceTree = "<group>"; };
		9B7EE8F32889C9520003E81B /* Assets.xcassets */ = {isa = PBXFileReference; lastKnownFileType = folder.assetcatalog; path = Assets.xcassets; sourceTree = "<group>"; };
		9B7EE8F62889C9520003E81B /* Preview Assets.xcassets */ = {isa = PBXFileReference; lastKnownFileType = folder.assetcatalog; path = "Preview Assets.xcassets"; sourceTree = "<group>"; };
		9B7EE8FC2889C9530003E81B /* TrackerTests.xctest */ = {isa = PBXFileReference; explicitFileType = wrapper.cfbundle; includeInIndex = 0; path = TrackerTests.xctest; sourceTree = BUILT_PRODUCTS_DIR; };
		9B7EE9002889C9530003E81B /* TrackerTests.swift */ = {isa = PBXFileReference; lastKnownFileType = sourcecode.swift; path = TrackerTests.swift; sourceTree = "<group>"; };
		9B7EE9062889C9530003E81B /* TrackerUITests.xctest */ = {isa = PBXFileReference; explicitFileType = wrapper.cfbundle; includeInIndex = 0; path = TrackerUITests.xctest; sourceTree = BUILT_PRODUCTS_DIR; };
		9B7EE90A2889C9530003E81B /* TrackerUITests.swift */ = {isa = PBXFileReference; lastKnownFileType = sourcecode.swift; path = TrackerUITests.swift; sourceTree = "<group>"; };
		9B7EE90C2889C9530003E81B /* TrackerUITestsLaunchTests.swift */ = {isa = PBXFileReference; lastKnownFileType = sourcecode.swift; path = TrackerUITestsLaunchTests.swift; sourceTree = "<group>"; };
		9B7EE91F2889D85B0003E81B /* MapView.swift */ = {isa = PBXFileReference; lastKnownFileType = sourcecode.swift; path = MapView.swift; sourceTree = "<group>"; };
/* End PBXFileReference section */

/* Begin PBXFrameworksBuildPhase section */
		9B7EE8E92889C94E0003E81B /* Frameworks */ = {
			isa = PBXFrameworksBuildPhase;
			buildActionMask = 2147483647;
			files = (
				9B6607E428A2DA140004BC8D /* MapKit.framework in Frameworks */,
			);
			runOnlyForDeploymentPostprocessing = 0;
		};
		9B7EE8F92889C9530003E81B /* Frameworks */ = {
			isa = PBXFrameworksBuildPhase;
			buildActionMask = 2147483647;
			files = (
			);
			runOnlyForDeploymentPostprocessing = 0;
		};
		9B7EE9032889C9530003E81B /* Frameworks */ = {
			isa = PBXFrameworksBuildPhase;
			buildActionMask = 2147483647;
			files = (
			);
			runOnlyForDeploymentPostprocessing = 0;
		};
/* End PBXFrameworksBuildPhase section */

/* Begin PBXGroup section */
		9B6607E228A2DA140004BC8D /* Frameworks */ = {
			isa = PBXGroup;
			children = (
				9B6607E328A2DA140004BC8D /* MapKit.framework */,
			);
			name = Frameworks;
			sourceTree = "<group>";
		};
		9B7EE8E32889C94E0003E81B = {
			isa = PBXGroup;
			children = (
				9B7EE8EE2889C94E0003E81B /* Tracker */,
				9B7EE8FF2889C9530003E81B /* TrackerTests */,
				9B7EE9092889C9530003E81B /* TrackerUITests */,
				9B7EE8ED2889C94E0003E81B /* Products */,
				9B6607E228A2DA140004BC8D /* Frameworks */,
			);
			sourceTree = "<group>";
		};
		9B7EE8ED2889C94E0003E81B /* Products */ = {
			isa = PBXGroup;
			children = (
				9B7EE8EC2889C94E0003E81B /* Tracker.app */,
				9B7EE8FC2889C9530003E81B /* TrackerTests.xctest */,
				9B7EE9062889C9530003E81B /* TrackerUITests.xctest */,
			);
			name = Products;
			sourceTree = "<group>";
		};
		9B7EE8EE2889C94E0003E81B /* Tracker */ = {
			isa = PBXGroup;
			children = (
				9B6607E128A2DA000004BC8D /* Tracker.entitlements */,
				9B206FC7289306D300D38964 /* Info.plist */,
				9B7EE8EF2889C94E0003E81B /* TrackerApp.swift */,
				9B7EE8F12889C94E0003E81B /* ContentView.swift */,
				9B7EE91F2889D85B0003E81B /* MapView.swift */,
				9B732584289AC3F500874692 /* LocationManager.swift */,
				9B7EE8F32889C9520003E81B /* Assets.xcassets */,
				9B7EE8F52889C9520003E81B /* Preview Content */,
			);
			path = Tracker;
			sourceTree = "<group>";
		};
		9B7EE8F52889C9520003E81B /* Preview Content */ = {
			isa = PBXGroup;
			children = (
				9B7EE8F62889C9520003E81B /* Preview Assets.xcassets */,
			);
			path = "Preview Content";
			sourceTree = "<group>";
		};
		9B7EE8FF2889C9530003E81B /* TrackerTests */ = {
			isa = PBXGroup;
			children = (
				9B7EE9002889C9530003E81B /* TrackerTests.swift */,
			);
			path = TrackerTests;
			sourceTree = "<group>";
		};
		9B7EE9092889C9530003E81B /* TrackerUITests */ = {
			isa = PBXGroup;
			children = (
				9B7EE90A2889C9530003E81B /* TrackerUITests.swift */,
				9B7EE90C2889C9530003E81B /* TrackerUITestsLaunchTests.swift */,
			);
			path = TrackerUITests;
			sourceTree = "<group>";
		};
/* End PBXGroup section */

/* Begin PBXNativeTarget section */
		9B7EE8EB2889C94E0003E81B /* Tracker */ = {
			isa = PBXNativeTarget;
			buildConfigurationList = 9B7EE9102889C9530003E81B /* Build configuration list for PBXNativeTarget "Tracker" */;
			buildPhases = (
				9B7EE8E82889C94E0003E81B /* Sources */,
				9B7EE8E92889C94E0003E81B /* Frameworks */,
				9B7EE8EA2889C94E0003E81B /* Resources */,
			);
			buildRules = (
			);
			dependencies = (
			);
			name = Tracker;
			productName = Tracker;
			productReference = 9B7EE8EC2889C94E0003E81B /* Tracker.app */;
			productType = "com.apple.product-type.application";
		};
		9B7EE8FB2889C9530003E81B /* TrackerTests */ = {
			isa = PBXNativeTarget;
			buildConfigurationList = 9B7EE9132889C9530003E81B /* Build configuration list for PBXNativeTarget "TrackerTests" */;
			buildPhases = (
				9B7EE8F82889C9530003E81B /* Sources */,
				9B7EE8F92889C9530003E81B /* Frameworks */,
				9B7EE8FA2889C9530003E81B /* Resources */,
			);
			buildRules = (
			);
			dependencies = (
				9B7EE8FE2889C9530003E81B /* PBXTargetDependency */,
			);
			name = TrackerTests;
			productName = TrackerTests;
			productReference = 9B7EE8FC2889C9530003E81B /* TrackerTests.xctest */;
			productType = "com.apple.product-type.bundle.unit-test";
		};
		9B7EE9052889C9530003E81B /* TrackerUITests */ = {
			isa = PBXNativeTarget;
			buildConfigurationList = 9B7EE9162889C9530003E81B /* Build configuration list for PBXNativeTarget "TrackerUITests" */;
			buildPhases = (
				9B7EE9022889C9530003E81B /* Sources */,
				9B7EE9032889C9530003E81B /* Frameworks */,
				9B7EE9042889C9530003E81B /* Resources */,
			);
			buildRules = (
			);
			dependencies = (
				9B7EE9082889C9530003E81B /* PBXTargetDependency */,
			);
			name = TrackerUITests;
			productName = TrackerUITests;
			productReference = 9B7EE9062889C9530003E81B /* TrackerUITests.xctest */;
			productType = "com.apple.product-type.bundle.ui-testing";
		};
/* End PBXNativeTarget section */

/* Begin PBXProject section */
		9B7EE8E42889C94E0003E81B /* Project object */ = {
			isa = PBXProject;
			attributes = {
				BuildIndependentTargetsInParallel = 1;
				LastSwiftUpdateCheck = 1340;
				LastUpgradeCheck = 1340;
				TargetAttributes = {
					9B7EE8EB2889C94E0003E81B = {
						CreatedOnToolsVersion = 13.4.1;
					};
					9B7EE8FB2889C9530003E81B = {
						CreatedOnToolsVersion = 13.4.1;
						TestTargetID = 9B7EE8EB2889C94E0003E81B;
					};
					9B7EE9052889C9530003E81B = {
						CreatedOnToolsVersion = 13.4.1;
						TestTargetID = 9B7EE8EB2889C94E0003E81B;
					};
				};
			};
			buildConfigurationList = 9B7EE8E72889C94E0003E81B /* Build configuration list for PBXProject "Tracker" */;
			compatibilityVersion = "Xcode 13.0";
			developmentRegion = en;
			hasScannedForEncodings = 0;
			knownRegions = (
				en,
				Base,
			);
			mainGroup = 9B7EE8E32889C94E0003E81B;
			productRefGroup = 9B7EE8ED2889C94E0003E81B /* Products */;
			projectDirPath = "";
			projectRoot = "";
			targets = (
				9B7EE8EB2889C94E0003E81B /* Tracker */,
				9B7EE8FB2889C9530003E81B /* TrackerTests */,
				9B7EE9052889C9530003E81B /* TrackerUITests */,
			);
		};
/* End PBXProject section */

/* Begin PBXResourcesBuildPhase section */
		9B7EE8EA2889C94E0003E81B /* Resources */ = {
			isa = PBXResourcesBuildPhase;
			buildActionMask = 2147483647;
			files = (
				9B7EE8F72889C9520003E81B /* Preview Assets.xcassets in Resources */,
				9B7EE8F42889C9520003E81B /* Assets.xcassets in Resources */,
			);
			runOnlyForDeploymentPostprocessing = 0;
		};
		9B7EE8FA2889C9530003E81B /* Resources */ = {
			isa = PBXResourcesBuildPhase;
			buildActionMask = 2147483647;
			files = (
			);
			runOnlyForDeploymentPostprocessing = 0;
		};
		9B7EE9042889C9530003E81B /* Resources */ = {
			isa = PBXResourcesBuildPhase;
			buildActionMask = 2147483647;
			files = (
			);
			runOnlyForDeploymentPostprocessing = 0;
		};
/* End PBXResourcesBuildPhase section */

/* Begin PBXSourcesBuildPhase section */
		9B7EE8E82889C94E0003E81B /* Sources */ = {
			isa = PBXSourcesBuildPhase;
			buildActionMask = 2147483647;
			files = (
				9B7EE8F22889C94E0003E81B /* ContentView.swift in Sources */,
				9B7EE9202889D85B0003E81B /* MapView.swift in Sources */,
				9B732585289AC3F500874692 /* LocationManager.swift in Sources */,
				9B7EE8F02889C94E0003E81B /* TrackerApp.swift in Sources */,
			);
			runOnlyForDeploymentPostprocessing = 0;
		};
		9B7EE8F82889C9530003E81B /* Sources */ = {
			isa = PBXSourcesBuildPhase;
			buildActionMask = 2147483647;
			files = (
				9B7EE9012889C9530003E81B /* TrackerTests.swift in Sources */,
			);
			runOnlyForDeploymentPostprocessing = 0;
		};
		9B7EE9022889C9530003E81B /* Sources */ = {
			isa = PBXSourcesBuildPhase;
			buildActionMask = 2147483647;
			files = (
				9B7EE90B2889C9530003E81B /* TrackerUITests.swift in Sources */,
				9B7EE90D2889C9530003E81B /* TrackerUITestsLaunchTests.swift in Sources */,
			);
			runOnlyForDeploymentPostprocessing = 0;
		};
/* End PBXSourcesBuildPhase section */

/* Begin PBXTargetDependency section */
		9B7EE8FE2889C9530003E81B /* PBXTargetDependency */ = {
			isa = PBXTargetDependency;
			target = 9B7EE8EB2889C94E0003E81B /* Tracker */;
			targetProxy = 9B7EE8FD2889C9530003E81B /* PBXContainerItemProxy */;
		};
		9B7EE9082889C9530003E81B /* PBXTargetDependency */ = {
			isa = PBXTargetDependency;
			target = 9B7EE8EB2889C94E0003E81B /* Tracker */;
			targetProxy = 9B7EE9072889C9530003E81B /* PBXContainerItemProxy */;
		};
/* End PBXTargetDependency section */

/* Begin XCBuildConfiguration section */
		9B7EE90E2889C9530003E81B /* Debug */ = {
			isa = XCBuildConfiguration;
			buildSettings = {
				ALWAYS_SEARCH_USER_PATHS = NO;
				CLANG_ANALYZER_NONNULL = YES;
				CLANG_ANALYZER_NUMBER_OBJECT_CONVERSION = YES_AGGRESSIVE;
				CLANG_CXX_LANGUAGE_STANDARD = "gnu++17";
				CLANG_ENABLE_MODULES = YES;
				CLANG_ENABLE_OBJC_ARC = YES;
				CLANG_ENABLE_OBJC_WEAK = YES;
				CLANG_WARN_BLOCK_CAPTURE_AUTORELEASING = YES;
				CLANG_WARN_BOOL_CONVERSION = YES;
				CLANG_WARN_COMMA = YES;
				CLANG_WARN_CONSTANT_CONVERSION = YES;
				CLANG_WARN_DEPRECATED_OBJC_IMPLEMENTATIONS = YES;
				CLANG_WARN_DIRECT_OBJC_ISA_USAGE = YES_ERROR;
				CLANG_WARN_DOCUMENTATION_COMMENTS = YES;
				CLANG_WARN_EMPTY_BODY = YES;
				CLANG_WARN_ENUM_CONVERSION = YES;
				CLANG_WARN_INFINITE_RECURSION = YES;
				CLANG_WARN_INT_CONVERSION = YES;
				CLANG_WARN_NON_LITERAL_NULL_CONVERSION = YES;
				CLANG_WARN_OBJC_IMPLICIT_RETAIN_SELF = YES;
				CLANG_WARN_OBJC_LITERAL_CONVERSION = YES;
				CLANG_WARN_OBJC_ROOT_CLASS = YES_ERROR;
				CLANG_WARN_QUOTED_INCLUDE_IN_FRAMEWORK_HEADER = YES;
				CLANG_WARN_RANGE_LOOP_ANALYSIS = YES;
				CLANG_WARN_STRICT_PROTOTYPES = YES;
				CLANG_WARN_SUSPICIOUS_MOVE = YES;
				CLANG_WARN_UNGUARDED_AVAILABILITY = YES_AGGRESSIVE;
				CLANG_WARN_UNREACHABLE_CODE = YES;
				CLANG_WARN__DUPLICATE_METHOD_MATCH = YES;
				CODE_SIGN_IDENTITY = "iPhone Developer";
				"CODE_SIGN_IDENTITY[sdk=*]" = "iPhone Developer";
				COPY_PHASE_STRIP = NO;
				DEBUG_INFORMATION_FORMAT = dwarf;
				"DEVELOPMENT_TEAM[sdk=*]" = "";
				ENABLE_STRICT_OBJC_MSGSEND = YES;
				ENABLE_TESTABILITY = YES;
				GCC_C_LANGUAGE_STANDARD = gnu11;
				GCC_DYNAMIC_NO_PIC = NO;
				GCC_NO_COMMON_BLOCKS = YES;
				GCC_OPTIMIZATION_LEVEL = 0;
				GCC_PREPROCESSOR_DEFINITIONS = (
					"DEBUG=1",
					"$(inherited)",
				);
				GCC_WARN_64_TO_32_BIT_CONVERSION = YES;
				GCC_WARN_ABOUT_RETURN_TYPE = YES_ERROR;
				GCC_WARN_UNDECLARED_SELECTOR = YES;
				GCC_WARN_UNINITIALIZED_AUTOS = YES_AGGRESSIVE;
				GCC_WARN_UNUSED_FUNCTION = YES;
				GCC_WARN_UNUSED_VARIABLE = YES;
				IPHONEOS_DEPLOYMENT_TARGET = 15.5;
				MTL_ENABLE_DEBUG_INFO = INCLUDE_SOURCE;
				MTL_FAST_MATH = YES;
				ONLY_ACTIVE_ARCH = YES;
				SDKROOT = iphoneos;
				SWIFT_ACTIVE_COMPILATION_CONDITIONS = DEBUG;
				SWIFT_OPTIMIZATION_LEVEL = "-Onone";
			};
			name = Debug;
		};
		9B7EE90F2889C9530003E81B /* Release */ = {
			isa = XCBuildConfiguration;
			buildSettings = {
				ALWAYS_SEARCH_USER_PATHS = NO;
				CLANG_ANALYZER_NONNULL = YES;
				CLANG_ANALYZER_NUMBER_OBJECT_CONVERSION = YES_AGGRESSIVE;
				CLANG_CXX_LANGUAGE_STANDARD = "gnu++17";
				CLANG_ENABLE_MODULES = YES;
				CLANG_ENABLE_OBJC_ARC = YES;
				CLANG_ENABLE_OBJC_WEAK = YES;
				CLANG_WARN_BLOCK_CAPTURE_AUTORELEASING = YES;
				CLANG_WARN_BOOL_CONVERSION = YES;
				CLANG_WARN_COMMA = YES;
				CLANG_WARN_CONSTANT_CONVERSION = YES;
				CLANG_WARN_DEPRECATED_OBJC_IMPLEMENTATIONS = YES;
				CLANG_WARN_DIRECT_OBJC_ISA_USAGE = YES_ERROR;
				CLANG_WARN_DOCUMENTATION_COMMENTS = YES;
				CLANG_WARN_EMPTY_BODY = YES;
				CLANG_WARN_ENUM_CONVERSION = YES;
				CLANG_WARN_INFINITE_RECURSION = YES;
				CLANG_WARN_INT_CONVERSION = YES;
				CLANG_WARN_NON_LITERAL_NULL_CONVERSION = YES;
				CLANG_WARN_OBJC_IMPLICIT_RETAIN_SELF = YES;
				CLANG_WARN_OBJC_LITERAL_CONVERSION = YES;
				CLANG_WARN_OBJC_ROOT_CLASS = YES_ERROR;
				CLANG_WARN_QUOTED_INCLUDE_IN_FRAMEWORK_HEADER = YES;
				CLANG_WARN_RANGE_LOOP_ANALYSIS = YES;
				CLANG_WARN_STRICT_PROTOTYPES = YES;
				CLANG_WARN_SUSPICIOUS_MOVE = YES;
				CLANG_WARN_UNGUARDED_AVAILABILITY = YES_AGGRESSIVE;
				CLANG_WARN_UNREACHABLE_CODE = YES;
				CLANG_WARN__DUPLICATE_METHOD_MATCH = YES;
				CODE_SIGN_IDENTITY = "iPhone Developer";
				"CODE_SIGN_IDENTITY[sdk=*]" = "iPhone Developer";
				COPY_PHASE_STRIP = NO;
				DEBUG_INFORMATION_FORMAT = "dwarf-with-dsym";
				"DEVELOPMENT_TEAM[sdk=*]" = "";
				ENABLE_NS_ASSERTIONS = NO;
				ENABLE_STRICT_OBJC_MSGSEND = YES;
				GCC_C_LANGUAGE_STANDARD = gnu11;
				GCC_NO_COMMON_BLOCKS = YES;
				GCC_WARN_64_TO_32_BIT_CONVERSION = YES;
				GCC_WARN_ABOUT_RETURN_TYPE = YES_ERROR;
				GCC_WARN_UNDECLARED_SELECTOR = YES;
				GCC_WARN_UNINITIALIZED_AUTOS = YES_AGGRESSIVE;
				GCC_WARN_UNUSED_FUNCTION = YES;
				GCC_WARN_UNUSED_VARIABLE = YES;
				IPHONEOS_DEPLOYMENT_TARGET = 15.5;
				MTL_ENABLE_DEBUG_INFO = NO;
				MTL_FAST_MATH = YES;
				SDKROOT = iphoneos;
				SWIFT_COMPILATION_MODE = wholemodule;
				SWIFT_OPTIMIZATION_LEVEL = "-O";
				VALIDATE_PRODUCT = YES;
			};
			name = Release;
		};
		9B7EE9112889C9530003E81B /* Debug */ = {
			isa = XCBuildConfiguration;
			buildSettings = {
				ASSETCATALOG_COMPILER_APPICON_NAME = AppIcon;
				ASSETCATALOG_COMPILER_GLOBAL_ACCENT_COLOR_NAME = AccentColor;
				CODE_SIGN_ENTITLEMENTS = Tracker/Tracker.entitlements;
				CODE_SIGN_STYLE = Automatic;
				CURRENT_PROJECT_VERSION = 1;
				DEVELOPMENT_ASSET_PATHS = "\"Tracker/Preview Content\"";
				DEVELOPMENT_TEAM = P37K6H9R37;
				ENABLE_PREVIEWS = YES;
				GENERATE_INFOPLIST_FILE = YES;
				INFOPLIST_FILE = Tracker/Info.plist;
				INFOPLIST_KEY_NSLocationWhenInUseUsageDescription = "This app needs your location to show it on the map.";
				INFOPLIST_KEY_UIApplicationSceneManifest_Generation = YES;
				INFOPLIST_KEY_UIApplicationSupportsIndirectInputEvents = YES;
				INFOPLIST_KEY_UILaunchScreen_Generation = YES;
				INFOPLIST_KEY_UISupportedInterfaceOrientations_iPad = "UIInterfaceOrientationPortrait UIInterfaceOrientationPortraitUpsideDown UIInterfaceOrientationLandscapeLeft UIInterfaceOrientationLandscapeRight";
				INFOPLIST_KEY_UISupportedInterfaceOrientations_iPhone = "UIInterfaceOrientationPortrait UIInterfaceOrientationLandscapeLeft UIInterfaceOrientationLandscapeRight";
				LD_RUNPATH_SEARCH_PATHS = (
					"$(inherited)",
					"@executable_path/Frameworks",
				);
				MARKETING_VERSION = 1.0;
				PRODUCT_BUNDLE_IDENTIFIER = WT.Tracker;
				PRODUCT_NAME = "$(TARGET_NAME)";
				SWIFT_EMIT_LOC_STRINGS = YES;
				SWIFT_VERSION = 5.0;
				TARGETED_DEVICE_FAMILY = "1,2";
			};
			name = Debug;
		};
		9B7EE9122889C9530003E81B /* Release */ = {
			isa = XCBuildConfiguration;
			buildSettings = {
				ASSETCATALOG_COMPILER_APPICON_NAME = AppIcon;
				ASSETCATALOG_COMPILER_GLOBAL_ACCENT_COLOR_NAME = AccentColor;
				CODE_SIGN_ENTITLEMENTS = Tracker/Tracker.entitlements;
				CODE_SIGN_STYLE = Automatic;
				CURRENT_PROJECT_VERSION = 1;
				DEVELOPMENT_ASSET_PATHS = "\"Tracker/Preview Content\"";
				DEVELOPMENT_TEAM = P37K6H9R37;
				ENABLE_PREVIEWS = YES;
				GENERATE_INFOPLIST_FILE = YES;
				INFOPLIST_FILE = Tracker/Info.plist;
				INFOPLIST_KEY_NSLocationWhenInUseUsageDescription = "This app needs your location to show it on the map.";
				INFOPLIST_KEY_UIApplicationSceneManifest_Generation = YES;
				INFOPLIST_KEY_UIApplicationSupportsIndirectInputEvents = YES;
				INFOPLIST_KEY_UILaunchScreen_Generation = YES;
				INFOPLIST_KEY_UISupportedInterfaceOrientations_iPad = "UIInterfaceOrientationPortrait UIInterfaceOrientationPortraitUpsideDown UIInterfaceOrientationLandscapeLeft UIInterfaceOrientationLandscapeRight";
				INFOPLIST_KEY_UISupportedInterfaceOrientations_iPhone = "UIInterfaceOrientationPortrait UIInterfaceOrientationLandscapeLeft UIInterfaceOrientationLandscapeRight";
				LD_RUNPATH_SEARCH_PATHS = (
					"$(inherited)",
					"@executable_path/Frameworks",
				);
				MARKETING_VERSION = 1.0;
				PRODUCT_BUNDLE_IDENTIFIER = WT.Tracker;
				PRODUCT_NAME = "$(TARGET_NAME)";
				SWIFT_EMIT_LOC_STRINGS = YES;
				SWIFT_VERSION = 5.0;
				TARGETED_DEVICE_FAMILY = "1,2";
			};
			name = Release;
		};
		9B7EE9142889C9530003E81B /* Debug */ = {
			isa = XCBuildConfiguration;
			buildSettings = {
				ALWAYS_EMBED_SWIFT_STANDARD_LIBRARIES = YES;
				BUNDLE_LOADER = "$(TEST_HOST)";
				CODE_SIGN_STYLE = Automatic;
				CURRENT_PROJECT_VERSION = 1;
				DEVELOPMENT_TEAM = P37K6H9R37;
				GENERATE_INFOPLIST_FILE = YES;
				IPHONEOS_DEPLOYMENT_TARGET = 15.5;
				MARKETING_VERSION = 1.0;
				PRODUCT_BUNDLE_IDENTIFIER = WT.TrackerTests;
				PRODUCT_NAME = "$(TARGET_NAME)";
				SWIFT_EMIT_LOC_STRINGS = NO;
				SWIFT_VERSION = 5.0;
				TARGETED_DEVICE_FAMILY = "1,2";
				TEST_HOST = "$(BUILT_PRODUCTS_DIR)/Tracker.app/Tracker";
			};
			name = Debug;
		};
		9B7EE9152889C9530003E81B /* Release */ = {
			isa = XCBuildConfiguration;
			buildSettings = {
				ALWAYS_EMBED_SWIFT_STANDARD_LIBRARIES = YES;
				BUNDLE_LOADER = "$(TEST_HOST)";
				CODE_SIGN_STYLE = Automatic;
				CURRENT_PROJECT_VERSION = 1;
				DEVELOPMENT_TEAM = P37K6H9R37;
				GENERATE_INFOPLIST_FILE = YES;
				IPHONEOS_DEPLOYMENT_TARGET = 15.5;
				MARKETING_VERSION = 1.0;
				PRODUCT_BUNDLE_IDENTIFIER = WT.TrackerTests;
				PRODUCT_NAME = "$(TARGET_NAME)";
				SWIFT_EMIT_LOC_STRINGS = NO;
				SWIFT_VERSION = 5.0;
				TARGETED_DEVICE_FAMILY = "1,2";
				TEST_HOST = "$(BUILT_PRODUCTS_DIR)/Tracker.app/Tracker";
			};
			name = Release;
		};
		9B7EE9172889C9530003E81B /* Debug */ = {
			isa = XCBuildConfiguration;
			buildSettings = {
				ALWAYS_EMBED_SWIFT_STANDARD_LIBRARIES = YES;
				CODE_SIGN_STYLE = Automatic;
				CURRENT_PROJECT_VERSION = 1;
				DEVELOPMENT_TEAM = P37K6H9R37;
				GENERATE_INFOPLIST_FILE = YES;
				MARKETING_VERSION = 1.0;
				PRODUCT_BUNDLE_IDENTIFIER = WT.TrackerUITests;
				PRODUCT_NAME = "$(TARGET_NAME)";
				SWIFT_EMIT_LOC_STRINGS = NO;
				SWIFT_VERSION = 5.0;
				TARGETED_DEVICE_FAMILY = "1,2";
				TEST_TARGET_NAME = Tracker;
			};
			name = Debug;
		};
		9B7EE9182889C9530003E81B /* Release */ = {
			isa = XCBuildConfiguration;
			buildSettings = {
				ALWAYS_EMBED_SWIFT_STANDARD_LIBRARIES = YES;
				CODE_SIGN_STYLE = Automatic;
				CURRENT_PROJECT_VERSION = 1;
				DEVELOPMENT_TEAM = P37K6H9R37;
				GENERATE_INFOPLIST_FILE = YES;
				MARKETING_VERSION = 1.0;
				PRODUCT_BUNDLE_IDENTIFIER = WT.TrackerUITests;
				PRODUCT_NAME = "$(TARGET_NAME)";
				SWIFT_EMIT_LOC_STRINGS = NO;
				SWIFT_VERSION = 5.0;
				TARGETED_DEVICE_FAMILY = "1,2";
				TEST_TARGET_NAME = Tracker;
			};
			name = Release;
		};
/* End XCBuildConfiguration section */

/* Begin XCConfigurationList section */
		9B7EE8E72889C94E0003E81B /* Build configuration list for PBXProject "Tracker" */ = {
			isa = XCConfigurationList;
			buildConfigurations = (
				9B7EE90E2889C9530003E81B /* Debug */,
				9B7EE90F2889C9530003E81B /* Release */,
			);
			defaultConfigurationIsVisible = 0;
			defaultConfigurationName = Release;
		};
		9B7EE9102889C9530003E81B /* Build configuration list for PBXNativeTarget "Tracker" */ = {
			isa = XCConfigurationList;
			buildConfigurations = (
				9B7EE9112889C9530003E81B /* Debug */,
				9B7EE9122889C9530003E81B /* Release */,
			);
			defaultConfigurationIsVisible = 0;
			defaultConfigurationName = Release;
		};
		9B7EE9132889C9530003E81B /* Build configuration list for PBXNativeTarget "TrackerTests" */ = {
			isa = XCConfigurationList;
			buildConfigurations = (
				9B7EE9142889C9530003E81B /* Debug */,
				9B7EE9152889C9530003E81B /* Release */,
			);
			defaultConfigurationIsVisible = 0;
			defaultConfigurationName = Release;
		};
		9B7EE9162889C9530003E81B /* Build configuration list for PBXNativeTarget "TrackerUITests" */ = {
			isa = XCConfigurationList;
			buildConfigurations = (
				9B7EE9172889C9530003E81B /* Debug */,
				9B7EE9182889C9530003E81B /* Release */,
			);
			defaultConfigurationIsVisible = 0;
			defaultConfigurationName = Release;
		};
/* End XCConfigurationList section */
	};
	rootObject = 9B7EE8E42889C94E0003E81B /* Project object */;
}
